
Microsoft Visual Studio Solution File, Format Version 12.00
# Visual Studio Version 17
VisualStudioVersion = 17.14.36908.2 d17.14
MinimumVisualStudioVersion = 10.0.40219.1
Project("{FAE04EC0-301F-11D3-BF4B-00C04F79EFBC}") = "GraSaper", "GraSaper.csproj", "{34244119-900E-4D8F-825D-8C9A15D69B1A}"
EndProject
Global
	GlobalSection(SolutionConfigurationPlatforms) = preSolution
		Debug|Any CPU = Debug|Any CPU
		Release|Any CPU = Release|Any CPU
	EndGlobalSection
	GlobalSection(ProjectConfigurationPlatforms) = postSolution
		{34244119-900E-4D8F-825D-8C9A15D69B1A}.Debug|Any CPU.ActiveCfg = Debug|Any CPU
		{34244119-900E-4D8F-825D-8C9A15D69B1A}.Debug|Any CPU.Build.0 = Debug|Any CPU
		{34244119-900E-4D8F-825D-8C9A15D69B1A}.Release|Any CPU.ActiveCfg = Release|Any CPU
		{34244119-900E-4D8F-825D-8C9A15D69B1A}.Release|Any CPU.Build.0 = Release|Any CPU
	EndGlobalSection
	GlobalSection(SolutionProperties) = preSolution
		HideSolutionNode = FALSE
	EndGlobalSection
	GlobalSection(ExtensibilityGlobals) = postSolution
		SolutionGuid = {EC534DFB-6744-481B-B9DB-FF0F475A2471}
	EndGlobalSection
EndGlobal
